
Microsoft Visual Studio Solution File, Format Version 12.00
# Visual Studio 2013
VisualStudioVersion = 12.0.21005.1
MinimumVisualStudioVersion = 10.0.40219.1
Project("{FAE04EC0-301F-11D3-BF4B-00C04F79EFBC}") = "TCPServer", "TCPServer\TCPServer.csproj", "{1BAAF102-68DB-4932-9360-C07D6673670E}"
EndProject
Project("{FAE04EC0-301F-11D3-BF4B-00C04F79EFBC}") = "TCPClient", "TCPClient\TCPClient.csproj", "{EF6DB4E2-EDAD-47F7-A635-3962AE0009BA}"
EndProject
Global
	GlobalSection(SolutionConfigurationPlatforms) = preSolution
		Debug|Any CPU = Debug|Any CPU
		Release|Any CPU = Release|Any CPU
	EndGlobalSection
	GlobalSection(ProjectConfigurationPlatforms) = postSolution
		{1BAAF102-68DB-4932-9360-C07D6673670E}.Debug|Any CPU.ActiveCfg = Debug|Any CPU
		{1BAAF102-68DB-4932-9360-C07D6673670E}.Debug|Any CPU.Build.0 = Debug|Any CPU
		{1BAAF102-68DB-4932-9360-C07D6673670E}.Release|Any CPU.ActiveCfg = Release|Any CPU
		{1BAAF102-68DB-4932-9360-C07D6673670E}.Release|Any CPU.Build.0 = Release|Any CPU
		{EF6DB4E2-EDAD-47F7-A635-3962AE0009BA}.Debug|Any CPU.ActiveCfg = Debug|Any CPU
		{EF6DB4E2-EDAD-47F7-A635-3962AE0009BA}.Debug|Any CPU.Build.0 = Debug|Any CPU
		{EF6DB4E2-EDAD-47F7-A635-3962AE0009BA}.Release|Any CPU.ActiveCfg = Release|Any CPU
		{EF6DB4E2-EDAD-47F7-A635-3962AE0009BA}.Release|Any CPU.Build.0 = Release|Any CPU
	EndGlobalSection
	GlobalSection(SolutionProperties) = preSolution
		HideSolutionNode = FALSE
	EndGlobalSection
EndGlobal
